
Microsoft Visual Studio Solution File, Format Version 12.00
# Visual Studio 14
VisualStudioVersion = 14.0.23107.0
MinimumVisualStudioVersion = 10.0.40219.1
Project("{FAE04EC0-301F-11D3-BF4B-00C04F79EFBC}") = "TellingFibs", "TellingFibs\TellingFibs.csproj", "{D857AB04-6260-4E6A-B150-4AD16A3FCA8B}"
EndProject
Global
	GlobalSection(SolutionConfigurationPlatforms) = preSolution
		Debug|Any CPU = Debug|Any CPU
		Release|Any CPU = Release|Any CPU
	EndGlobalSection
	GlobalSection(ProjectConfigurationPlatforms) = postSolution
		{D857AB04-6260-4E6A-B150-4AD16A3FCA8B}.Debug|Any CPU.ActiveCfg = Debug|Any CPU
		{D857AB04-6260-4E6A-B150-4AD16A3FCA8B}.Debug|Any CPU.Build.0 = Debug|Any CPU
		{D857AB04-6260-4E6A-B150-4AD16A3FCA8B}.Release|Any CPU.ActiveCfg = Release|Any CPU
		{D857AB04-6260-4E6A-B150-4AD16A3FCA8B}.Release|Any CPU.Build.0 = Release|Any CPU
	EndGlobalSection
	GlobalSection(SolutionProperties) = preSolution
		HideSolutionNode = FALSE
	EndGlobalSection
EndGlobal
